# THIS IS AN AUTOGENERATED FILE. DO NOT EDIT THIS FILE DIRECTLY.
# yarn lockfile v1


malta@^4.1.27:
  version "4.1.27"
  resolved "https://registry.yarnpkg.com/malta/-/malta-4.1.27.tgz#09cd7b16a698f8aaa37682c9e284c48a731d0dfc"
  integrity sha512-LX1OFH6smY5BJOAozWAE4XBwpbZ/qsempxINijkTIEKrnCDxwnqqVVsCFtLldBExWNWVaj7wiNDxEzZZYW25tg==
